// !$*UTF8*$!
{
	archiveVersion = 1;
	classes = {
	};
	objectVersion = 55;
	objects = {

/* Begin PBXBuildFile section */
		F6B76672284DF33000B2AD28 /* AppetizersFinalApp.swift in Sources */ = {isa = PBXBuildFile; fileRef = F6B76662284DF32E00B2AD28 /* AppetizersFinalApp.swift */; };
		F6B76673284DF33000B2AD28 /* AppetizersFinalApp.swift in Sources */ = {isa = PBXBuildFile; fileRef = F6B76662284DF32E00B2AD28 /* AppetizersFinalApp.swift */; };
		F6B76674284DF33000B2AD28 /* AppetizerTabView.swift in Sources */ = {isa = PBXBuildFile; fileRef = F6B76663284DF32E00B2AD28 /* AppetizerTabView.swift */; };
		F6B76675284DF33000B2AD28 /* AppetizerTabView.swift in Sources */ = {isa = PBXBuildFile; fileRef = F6B76663284DF32E00B2AD28 /* AppetizerTabView.swift */; };
		F6B76676284DF33000B2AD28 /* Assets.xcassets in Resources */ = {isa = PBXBuildFile; fileRef = F6B76664284DF33000B2AD28 /* Assets.xcassets */; };
		F6B76677284DF33000B2AD28 /* Assets.xcassets in Resources */ = {isa = PBXBuildFile; fileRef = F6B76664284DF33000B2AD28 /* Assets.xcassets */; };
		F6B76681284DF48300B2AD28 /* AppetizerListView.swift in Sources */ = {isa = PBXBuildFile; fileRef = F6B76680284DF48300B2AD28 /* AppetizerListView.swift */; };
		F6B76682284DF48300B2AD28 /* AppetizerListView.swift in Sources */ = {isa = PBXBuildFile; fileRef = F6B76680284DF48300B2AD28 /* AppetizerListView.swift */; };
		F6B76684284DF49400B2AD28 /* AccountView.swift in Sources */ = {isa = PBXBuildFile; fileRef = F6B76683284DF49400B2AD28 /* AccountView.swift */; };
		F6B76685284DF49400B2AD28 /* AccountView.swift in Sources */ = {isa = PBXBuildFile; fileRef = F6B76683284DF49400B2AD28 /* AccountView.swift */; };
		F6B76687284DF49F00B2AD28 /* OrderView.swift in Sources */ = {isa = PBXBuildFile; fileRef = F6B76686284DF49F00B2AD28 /* OrderView.swift */; };
		F6B76688284DF49F00B2AD28 /* OrderView.swift in Sources */ = {isa = PBXBuildFile; fileRef = F6B76686284DF49F00B2AD28 /* OrderView.swift */; };
		F6B7668B284DF7CF00B2AD28 /* Appetizer.swift in Sources */ = {isa = PBXBuildFile; fileRef = F6B7668A284DF7CF00B2AD28 /* Appetizer.swift */; };
		F6B7668C284DF7CF00B2AD28 /* Appetizer.swift in Sources */ = {isa = PBXBuildFile; fileRef = F6B7668A284DF7CF00B2AD28 /* Appetizer.swift */; };
		F6B7668F284DFD9B00B2AD28 /* NetworkManager.swift in Sources */ = {isa = PBXBuildFile; fileRef = F6B7668E284DFD9B00B2AD28 /* NetworkManager.swift */; };
		F6B76690284DFD9B00B2AD28 /* NetworkManager.swift in Sources */ = {isa = PBXBuildFile; fileRef = F6B7668E284DFD9B00B2AD28 /* NetworkManager.swift */; };
		F6B76693284DFDDB00B2AD28 /* Alert.swift in Sources */ = {isa = PBXBuildFile; fileRef = F6B76692284DFDDB00B2AD28 /* Alert.swift */; };
		F6B76694284DFDDB00B2AD28 /* Alert.swift in Sources */ = {isa = PBXBuildFile; fileRef = F6B76692284DFDDB00B2AD28 /* Alert.swift */; };
		F6B76697284DFE1700B2AD28 /* APError.swift in Sources */ = {isa = PBXBuildFile; fileRef = F6B76696284DFE1700B2AD28 /* APError.swift */; };
		F6B76698284DFE1700B2AD28 /* APError.swift in Sources */ = {isa = PBXBuildFile; fileRef = F6B76696284DFE1700B2AD28 /* APError.swift */; };
		F6B7669D284E01A400B2AD28 /* AppetizerListViewModel.swift in Sources */ = {isa = PBXBuildFile; fileRef = F6B7669C284E01A400B2AD28 /* AppetizerListViewModel.swift */; };
		F6B7669E284E01A400B2AD28 /* AppetizerListViewModel.swift in Sources */ = {isa = PBXBuildFile; fileRef = F6B7669C284E01A400B2AD28 /* AppetizerListViewModel.swift */; };
		F6B766A0284E0E1100B2AD28 /* LoadingView.swift in Sources */ = {isa = PBXBuildFile; fileRef = F6B7669F284E0E1100B2AD28 /* LoadingView.swift */; };
		F6B766A1284E0E1100B2AD28 /* LoadingView.swift in Sources */ = {isa = PBXBuildFile; fileRef = F6B7669F284E0E1100B2AD28 /* LoadingView.swift */; };
		F6B766A4284E0EC000B2AD28 /* UIColor+Ext.swift in Sources */ = {isa = PBXBuildFile; fileRef = F6B766A3284E0EC000B2AD28 /* UIColor+Ext.swift */; };
		F6B766A5284E0EC000B2AD28 /* UIColor+Ext.swift in Sources */ = {isa = PBXBuildFile; fileRef = F6B766A3284E0EC000B2AD28 /* UIColor+Ext.swift */; };
		F6B766A8284E157B00B2AD28 /* AppetizerListCell.swift in Sources */ = {isa = PBXBuildFile; fileRef = F6B766A7284E157B00B2AD28 /* AppetizerListCell.swift */; };
		F6B766A9284E157B00B2AD28 /* AppetizerListCell.swift in Sources */ = {isa = PBXBuildFile; fileRef = F6B766A7284E157B00B2AD28 /* AppetizerListCell.swift */; };
		F6B766AC284E17D800B2AD28 /* AppetizerDetailView.swift in Sources */ = {isa = PBXBuildFile; fileRef = F6B766AB284E17D800B2AD28 /* AppetizerDetailView.swift */; };
		F6B766AD284E17D800B2AD28 /* AppetizerDetailView.swift in Sources */ = {isa = PBXBuildFile; fileRef = F6B766AB284E17D800B2AD28 /* AppetizerDetailView.swift */; };
		F6B766B0284E218500B2AD28 /* XDismissButton.swift in Sources */ = {isa = PBXBuildFile; fileRef = F6B766AF284E218500B2AD28 /* XDismissButton.swift */; };
		F6B766B1284E218500B2AD28 /* XDismissButton.swift in Sources */ = {isa = PBXBuildFile; fileRef = F6B766AF284E218500B2AD28 /* XDismissButton.swift */; };
/* End PBXBuildFile section */

/* Begin PBXFileReference section */
		F6B76662284DF32E00B2AD28 /* AppetizersFinalApp.swift */ = {isa = PBXFileReference; lastKnownFileType = sourcecode.swift; path = AppetizersFinalApp.swift; sourceTree = "<group>"; };
		F6B76663284DF32E00B2AD28 /* AppetizerTabView.swift */ = {isa = PBXFileReference; lastKnownFileType = sourcecode.swift; path = AppetizerTabView.swift; sourceTree = "<group>"; };
		F6B76664284DF33000B2AD28 /* Assets.xcassets */ = {isa = PBXFileReference; lastKnownFileType = folder.assetcatalog; path = Assets.xcassets; sourceTree = "<group>"; };
		F6B76669284DF33000B2AD28 /* AppetizersFinal.app */ = {isa = PBXFileReference; explicitFileType = wrapper.application; includeInIndex = 0; path = AppetizersFinal.app; sourceTree = BUILT_PRODUCTS_DIR; };
		F6B7666F284DF33000B2AD28 /* AppetizersFinal.app */ = {isa = PBXFileReference; explicitFileType = wrapper.application; includeInIndex = 0; path = AppetizersFinal.app; sourceTree = BUILT_PRODUCTS_DIR; };
		F6B76671284DF33000B2AD28 /* macOS.entitlements */ = {isa = PBXFileReference; lastKnownFileType = text.plist.entitlements; path = macOS.entitlements; sourceTree = "<group>"; };
		F6B76680284DF48300B2AD28 /* AppetizerListView.swift */ = {isa = PBXFileReference; lastKnownFileType = sourcecode.swift; path = AppetizerListView.swift; sourceTree = "<group>"; };
		F6B76683284DF49400B2AD28 /* AccountView.swift */ = {isa = PBXFileReference; lastKnownFileType = sourcecode.swift; path = AccountView.swift; sourceTree = "<group>"; };
		F6B76686284DF49F00B2AD28 /* OrderView.swift */ = {isa = PBXFileReference; lastKnownFileType = sourcecode.swift; path = OrderView.swift; sourceTree = "<group>"; };
		F6B7668A284DF7CF00B2AD28 /* Appetizer.swift */ = {isa = PBXFileReference; lastKnownFileType = sourcecode.swift; path = Appetizer.swift; sourceTree = "<group>"; };
		F6B7668E284DFD9B00B2AD28 /* NetworkManager.swift */ = {isa = PBXFileReference; lastKnownFileType = sourcecode.swift; path = NetworkManager.swift; sourceTree = "<group>"; };
		F6B76692284DFDDB00B2AD28 /* Alert.swift */ = {isa = PBXFileReference; lastKnownFileType = sourcecode.swift; path = Alert.swift; sourceTree = "<group>"; };
		F6B76696284DFE1700B2AD28 /* APError.swift */ = {isa = PBXFileReference; lastKnownFileType = sourcecode.swift; path = APError.swift; sourceTree = "<group>"; };
		F6B7669C284E01A400B2AD28 /* AppetizerListViewModel.swift */ = {isa = PBXFileReference; lastKnownFileType = sourcecode.swift; path = AppetizerListViewModel.swift; sourceTree = "<group>"; };
		F6B7669F284E0E1100B2AD28 /* LoadingView.swift */ = {isa = PBXFileReference; lastKnownFileType = sourcecode.swift; path = LoadingView.swift; sourceTree = "<group>"; };
		F6B766A3284E0EC000B2AD28 /* UIColor+Ext.swift */ = {isa = PBXFileReference; lastKnownFileType = sourcecode.swift; path = "UIColor+Ext.swift"; sourceTree = "<group>"; };
		F6B766A7284E157B00B2AD28 /* AppetizerListCell.swift */ = {isa = PBXFileReference; lastKnownFileType = sourcecode.swift; path = AppetizerListCell.swift; sourceTree = "<group>"; };
		F6B766AB284E17D800B2AD28 /* AppetizerDetailView.swift */ = {isa = PBXFileReference; lastKnownFileType = sourcecode.swift; path = AppetizerDetailView.swift; sourceTree = "<group>"; };
		F6B766AF284E218500B2AD28 /* XDismissButton.swift */ = {isa = PBXFileReference; lastKnownFileType = sourcecode.swift; path = XDismissButton.swift; sourceTree = "<group>"; };
/* End PBXFileReference section */

/* Begin PBXFrameworksBuildPhase section */
		F6B76666284DF33000B2AD28 /* Frameworks */ = {
			isa = PBXFrameworksBuildPhase;
			buildActionMask = 2147483647;
			files = (
			);
			runOnlyForDeploymentPostprocessing = 0;
		};
		F6B7666C284DF33000B2AD28 /* Frameworks */ = {
			isa = PBXFrameworksBuildPhase;
			buildActionMask = 2147483647;
			files = (
			);
			runOnlyForDeploymentPostprocessing = 0;
		};
/* End PBXFrameworksBuildPhase section */

/* Begin PBXGroup section */
		F6B7665C284DF32E00B2AD28 = {
			isa = PBXGroup;
			children = (
				F6B76661284DF32E00B2AD28 /* Shared */,
				F6B76670284DF33000B2AD28 /* macOS */,
				F6B7666A284DF33000B2AD28 /* Products */,
			);
			sourceTree = "<group>";
		};
		F6B76661284DF32E00B2AD28 /* Shared */ = {
			isa = PBXGroup;
			children = (
				F6B7669A284E018B00B2AD28 /* Views */,
				F6B766A2284E0EAA00B2AD28 /* Extensions */,
				F6B76699284E018500B2AD28 /* Screens */,
				F6B76691284DFDC800B2AD28 /* Utils */,
				F6B7668D284DFD8900B2AD28 /* Managers */,
				F6B76689284DF7BC00B2AD28 /* Model */,
				F6B76662284DF32E00B2AD28 /* AppetizersFinalApp.swift */,
				F6B76663284DF32E00B2AD28 /* AppetizerTabView.swift */,
				F6B76664284DF33000B2AD28 /* Assets.xcassets */,
			);
			path = Shared;
			sourceTree = "<group>";
		};
		F6B7666A284DF33000B2AD28 /* Products */ = {
			isa = PBXGroup;
			children = (
				F6B76669284DF33000B2AD28 /* AppetizersFinal.app */,
				F6B7666F284DF33000B2AD28 /* AppetizersFinal.app */,
			);
			name = Products;
			sourceTree = "<group>";
		};
		F6B76670284DF33000B2AD28 /* macOS */ = {
			isa = PBXGroup;
			children = (
				F6B76671284DF33000B2AD28 /* macOS.entitlements */,
			);
			path = macOS;
			sourceTree = "<group>";
		};
		F6B76689284DF7BC00B2AD28 /* Model */ = {
			isa = PBXGroup;
			children = (
				F6B7668A284DF7CF00B2AD28 /* Appetizer.swift */,
			);
			path = Model;
			sourceTree = "<group>";
		};
		F6B7668D284DFD8900B2AD28 /* Managers */ = {
			isa = PBXGroup;
			children = (
				F6B7668E284DFD9B00B2AD28 /* NetworkManager.swift */,
			);
			path = Managers;
			sourceTree = "<group>";
		};
		F6B76691284DFDC800B2AD28 /* Utils */ = {
			isa = PBXGroup;
			children = (
				F6B76695284DFDFC00B2AD28 /* Alerts */,
			);
			path = Utils;
			sourceTree = "<group>";
		};
		F6B76695284DFDFC00B2AD28 /* Alerts */ = {
			isa = PBXGroup;
			children = (
				F6B76692284DFDDB00B2AD28 /* Alert.swift */,
				F6B76696284DFE1700B2AD28 /* APError.swift */,
			);
			path = Alerts;
			sourceTree = "<group>";
		};
		F6B76699284E018500B2AD28 /* Screens */ = {
			isa = PBXGroup;
			children = (
				F6B766B3284E35CF00B2AD28 /* Order */,
				F6B766B2284E35AF00B2AD28 /* Account */,
				F6B7669B284E019000B2AD28 /* AppetizerList */,
			);
			path = Screens;
			sourceTree = "<group>";
		};
		F6B7669A284E018B00B2AD28 /* Views */ = {
			isa = PBXGroup;
			children = (
				F6B766AE284E217A00B2AD28 /* Button */,
				F6B766AA284E15A100B2AD28 /* Helpers */,
				F6B766A6284E155500B2AD28 /* Cells */,
			);
			path = Views;
			sourceTree = "<group>";
		};
		F6B7669B284E019000B2AD28 /* AppetizerList */ = {
			isa = PBXGroup;
			children = (
				F6B76680284DF48300B2AD28 /* AppetizerListView.swift */,
				F6B7669C284E01A400B2AD28 /* AppetizerListViewModel.swift */,
				F6B766AB284E17D800B2AD28 /* AppetizerDetailView.swift */,
			);
			path = AppetizerList;
			sourceTree = "<group>";
		};
		F6B766A2284E0EAA00B2AD28 /* Extensions */ = {
			isa = PBXGroup;
			children = (
				F6B766A3284E0EC000B2AD28 /* UIColor+Ext.swift */,
			);
			path = Extensions;
			sourceTree = "<group>";
		};
		F6B766A6284E155500B2AD28 /* Cells */ = {
			isa = PBXGroup;
			children = (
				F6B766A7284E157B00B2AD28 /* AppetizerListCell.swift */,
			);
			path = Cells;
			sourceTree = "<group>";
		};
		F6B766AA284E15A100B2AD28 /* Helpers */ = {
			isa = PBXGroup;
			children = (
				F6B7669F284E0E1100B2AD28 /* LoadingView.swift */,
			);
			path = Helpers;
			sourceTree = "<group>";
		};
		F6B766AE284E217A00B2AD28 /* Button */ = {
			isa = PBXGroup;
			children = (
				F6B766AF284E218500B2AD28 /* XDismissButton.swift */,
			);
			path = Button;
			sourceTree = "<group>";
		};
		F6B766B2284E35AF00B2AD28 /* Account */ = {
			isa = PBXGroup;
			children = (
				F6B76683284DF49400B2AD28 /* AccountView.swift */,
			);
			path = Account;
			sourceTree = "<group>";
		};
		F6B766B3284E35CF00B2AD28 /* Order */ = {
			isa = PBXGroup;
			children = (
				F6B76686284DF49F00B2AD28 /* OrderView.swift */,
			);
			path = Order;
			sourceTree = "<group>";
		};
/* End PBXGroup section */

/* Begin PBXNativeTarget section */
		F6B76668284DF33000B2AD28 /* AppetizersFinal (iOS) */ = {
			isa = PBXNativeTarget;
			buildConfigurationList = F6B7667A284DF33000B2AD28 /* Build configuration list for PBXNativeTarget "AppetizersFinal (iOS)" */;
			buildPhases = (
				F6B76665284DF33000B2AD28 /* Sources */,
				F6B76666284DF33000B2AD28 /* Frameworks */,
				F6B76667284DF33000B2AD28 /* Resources */,
			);
			buildRules = (
			);
			dependencies = (
			);
			name = "AppetizersFinal (iOS)";
			productName = "AppetizersFinal (iOS)";
			productReference = F6B76669284DF33000B2AD28 /* AppetizersFinal.app */;
			productType = "com.apple.product-type.application";
		};
		F6B7666E284DF33000B2AD28 /* AppetizersFinal (macOS) */ = {
			isa = PBXNativeTarget;
			buildConfigurationList = F6B7667D284DF33000B2AD28 /* Build configuration list for PBXNativeTarget "AppetizersFinal (macOS)" */;
			buildPhases = (
				F6B7666B284DF33000B2AD28 /* Sources */,
				F6B7666C284DF33000B2AD28 /* Frameworks */,
				F6B7666D284DF33000B2AD28 /* Resources */,
			);
			buildRules = (
			);
			dependencies = (
			);
			name = "AppetizersFinal (macOS)";
			productName = "AppetizersFinal (macOS)";
			productReference = F6B7666F284DF33000B2AD28 /* AppetizersFinal.app */;
			productType = "com.apple.product-type.application";
		};
/* End PBXNativeTarget section */

/* Begin PBXProject section */
		F6B7665D284DF32E00B2AD28 /* Project object */ = {
			isa = PBXProject;
			attributes = {
				BuildIndependentTargetsInParallel = 1;
				LastSwiftUpdateCheck = 1330;
				LastUpgradeCheck = 1330;
				TargetAttributes = {
					F6B76668284DF33000B2AD28 = {
						CreatedOnToolsVersion = 13.3.1;
					};
					F6B7666E284DF33000B2AD28 = {
						CreatedOnToolsVersion = 13.3.1;
					};
				};
			};
			buildConfigurationList = F6B76660284DF32E00B2AD28 /* Build configuration list for PBXProject "AppetizersFinal" */;
			compatibilityVersion = "Xcode 13.0";
			developmentRegion = en;
			hasScannedForEncodings = 0;
			knownRegions = (
				en,
				Base,
			);
			mainGroup = F6B7665C284DF32E00B2AD28;
			productRefGroup = F6B7666A284DF33000B2AD28 /* Products */;
			projectDirPath = "";
			projectRoot = "";
			targets = (
				F6B76668284DF33000B2AD28 /* AppetizersFinal (iOS) */,
				F6B7666E284DF33000B2AD28 /* AppetizersFinal (macOS) */,
			);
		};
/* End PBXProject section */

/* Begin PBXResourcesBuildPhase section */
		F6B76667284DF33000B2AD28 /* Resources */ = {
			isa = PBXResourcesBuildPhase;
			buildActionMask = 2147483647;
			files = (
				F6B76676284DF33000B2AD28 /* Assets.xcassets in Resources */,
			);
			runOnlyForDeploymentPostprocessing = 0;
		};
		F6B7666D284DF33000B2AD28 /* Resources */ = {
			isa = PBXResourcesBuildPhase;
			buildActionMask = 2147483647;
			files = (
				F6B76677284DF33000B2AD28 /* Assets.xcassets in Resources */,
			);
			runOnlyForDeploymentPostprocessing = 0;
		};
/* End PBXResourcesBuildPhase section */

/* Begin PBXSourcesBuildPhase section */
		F6B76665284DF33000B2AD28 /* Sources */ = {
			isa = PBXSourcesBuildPhase;
			buildActionMask = 2147483647;
			files = (
				F6B766A8284E157B00B2AD28 /* AppetizerListCell.swift in Sources */,
				F6B7668B284DF7CF00B2AD28 /* Appetizer.swift in Sources */,
				F6B76697284DFE1700B2AD28 /* APError.swift in Sources */,
				F6B766B0284E218500B2AD28 /* XDismissButton.swift in Sources */,
				F6B76684284DF49400B2AD28 /* AccountView.swift in Sources */,
				F6B766A0284E0E1100B2AD28 /* LoadingView.swift in Sources */,
				F6B7669D284E01A400B2AD28 /* AppetizerListViewModel.swift in Sources */,
				F6B76693284DFDDB00B2AD28 /* Alert.swift in Sources */,
				F6B76674284DF33000B2AD28 /* AppetizerTabView.swift in Sources */,
				F6B766AC284E17D800B2AD28 /* AppetizerDetailView.swift in Sources */,
				F6B7668F284DFD9B00B2AD28 /* NetworkManager.swift in Sources */,
				F6B76672284DF33000B2AD28 /* AppetizersFinalApp.swift in Sources */,
				F6B766A4284E0EC000B2AD28 /* UIColor+Ext.swift in Sources */,
				F6B76681284DF48300B2AD28 /* AppetizerListView.swift in Sources */,
				F6B76687284DF49F00B2AD28 /* OrderView.swift in Sources */,
			);
			runOnlyForDeploymentPostprocessing = 0;
		};
		F6B7666B284DF33000B2AD28 /* Sources */ = {
			isa = PBXSourcesBuildPhase;
			buildActionMask = 2147483647;
			files = (
				F6B766A9284E157B00B2AD28 /* AppetizerListCell.swift in Sources */,
				F6B7668C284DF7CF00B2AD28 /* Appetizer.swift in Sources */,
				F6B76698284DFE1700B2AD28 /* APError.swift in Sources */,
				F6B766B1284E218500B2AD28 /* XDismissButton.swift in Sources */,
				F6B76685284DF49400B2AD28 /* AccountView.swift in Sources */,
				F6B766A1284E0E1100B2AD28 /* LoadingView.swift in Sources */,
				F6B7669E284E01A400B2AD28 /* AppetizerListViewModel.swift in Sources */,
				F6B76694284DFDDB00B2AD28 /* Alert.swift in Sources */,
				F6B76675284DF33000B2AD28 /* AppetizerTabView.swift in Sources */,
				F6B766AD284E17D800B2AD28 /* AppetizerDetailView.swift in Sources */,
				F6B76690284DFD9B00B2AD28 /* NetworkManager.swift in Sources */,
				F6B76673284DF33000B2AD28 /* AppetizersFinalApp.swift in Sources */,
				F6B766A5284E0EC000B2AD28 /* UIColor+Ext.swift in Sources */,
				F6B76682284DF48300B2AD28 /* AppetizerListView.swift in Sources */,
				F6B76688284DF49F00B2AD28 /* OrderView.swift in Sources */,
			);
			runOnlyForDeploymentPostprocessing = 0;
		};
/* End PBXSourcesBuildPhase section */

/* Begin XCBuildConfiguration section */
		F6B76678284DF33000B2AD28 /* Debug */ = {
			isa = XCBuildConfiguration;
			buildSettings = {
				ALWAYS_SEARCH_USER_PATHS = NO;
				CLANG_ANALYZER_NONNULL = YES;
				CLANG_ANALYZER_NUMBER_OBJECT_CONVERSION = YES_AGGRESSIVE;
				CLANG_CXX_LANGUAGE_STANDARD = "gnu++17";
				CLANG_ENABLE_MODULES = YES;
				CLANG_ENABLE_OBJC_ARC = YES;
				CLANG_ENABLE_OBJC_WEAK = YES;
				CLANG_WARN_BLOCK_CAPTURE_AUTORELEASING = YES;
				CLANG_WARN_BOOL_CONVERSION = YES;
				CLANG_WARN_COMMA = YES;
				CLANG_WARN_CONSTANT_CONVERSION = YES;
				CLANG_WARN_DEPRECATED_OBJC_IMPLEMENTATIONS = YES;
				CLANG_WARN_DIRECT_OBJC_ISA_USAGE = YES_ERROR;
				CLANG_WARN_DOCUMENTATION_COMMENTS = YES;
				CLANG_WARN_EMPTY_BODY = YES;
				CLANG_WARN_ENUM_CONVERSION = YES;
				CLANG_WARN_INFINITE_RECURSION = YES;
				CLANG_WARN_INT_CONVERSION = YES;
				CLANG_WARN_NON_LITERAL_NULL_CONVERSION = YES;
				CLANG_WARN_OBJC_IMPLICIT_RETAIN_SELF = YES;
				CLANG_WARN_OBJC_LITERAL_CONVERSION = YES;
				CLANG_WARN_OBJC_ROOT_CLASS = YES_ERROR;
				CLANG_WARN_QUOTED_INCLUDE_IN_FRAMEWORK_HEADER = YES;
				CLANG_WARN_RANGE_LOOP_ANALYSIS = YES;
				CLANG_WARN_STRICT_PROTOTYPES = YES;
				CLANG_WARN_SUSPICIOUS_MOVE = YES;
				CLANG_WARN_UNGUARDED_AVAILABILITY = YES_AGGRESSIVE;
				CLANG_WARN_UNREACHABLE_CODE = YES;
				CLANG_WARN__DUPLICATE_METHOD_MATCH = YES;
				COPY_PHASE_STRIP = NO;
				DEBUG_INFORMATION_FORMAT = dwarf;
				ENABLE_STRICT_OBJC_MSGSEND = YES;
				ENABLE_TESTABILITY = YES;
				GCC_C_LANGUAGE_STANDARD = gnu11;
				GCC_DYNAMIC_NO_PIC = NO;
				GCC_NO_COMMON_BLOCKS = YES;
				GCC_OPTIMIZATION_LEVEL = 0;
				GCC_PREPROCESSOR_DEFINITIONS = (
					"DEBUG=1",
					"$(inherited)",
				);
				GCC_WARN_64_TO_32_BIT_CONVERSION = YES;
				GCC_WARN_ABOUT_RETURN_TYPE = YES_ERROR;
				GCC_WARN_UNDECLARED_SELECTOR = YES;
				GCC_WARN_UNINITIALIZED_AUTOS = YES_AGGRESSIVE;
				GCC_WARN_UNUSED_FUNCTION = YES;
				GCC_WARN_UNUSED_VARIABLE = YES;
				MTL_ENABLE_DEBUG_INFO = INCLUDE_SOURCE;
				MTL_FAST_MATH = YES;
				ONLY_ACTIVE_ARCH = YES;
				SWIFT_ACTIVE_COMPILATION_CONDITIONS = DEBUG;
				SWIFT_OPTIMIZATION_LEVEL = "-Onone";
			};
			name = Debug;
		};
		F6B76679284DF33000B2AD28 /* Release */ = {
			isa = XCBuildConfiguration;
			buildSettings = {
				ALWAYS_SEARCH_USER_PATHS = NO;
				CLANG_ANALYZER_NONNULL = YES;
				CLANG_ANALYZER_NUMBER_OBJECT_CONVERSION = YES_AGGRESSIVE;
				CLANG_CXX_LANGUAGE_STANDARD = "gnu++17";
				CLANG_ENABLE_MODULES = YES;
				CLANG_ENABLE_OBJC_ARC = YES;
				CLANG_ENABLE_OBJC_WEAK = YES;
				CLANG_WARN_BLOCK_CAPTURE_AUTORELEASING = YES;
				CLANG_WARN_BOOL_CONVERSION = YES;
				CLANG_WARN_COMMA = YES;
				CLANG_WARN_CONSTANT_CONVERSION = YES;
				CLANG_WARN_DEPRECATED_OBJC_IMPLEMENTATIONS = YES;
				CLANG_WARN_DIRECT_OBJC_ISA_USAGE = YES_ERROR;
				CLANG_WARN_DOCUMENTATION_COMMENTS = YES;
				CLANG_WARN_EMPTY_BODY = YES;
				CLANG_WARN_ENUM_CONVERSION = YES;
				CLANG_WARN_INFINITE_RECURSION = YES;
				CLANG_WARN_INT_CONVERSION = YES;
				CLANG_WARN_NON_LITERAL_NULL_CONVERSION = YES;
				CLANG_WARN_OBJC_IMPLICIT_RETAIN_SELF = YES;
				CLANG_WARN_OBJC_LITERAL_CONVERSION = YES;
				CLANG_WARN_OBJC_ROOT_CLASS = YES_ERROR;
				CLANG_WARN_QUOTED_INCLUDE_IN_FRAMEWORK_HEADER = YES;
				CLANG_WARN_RANGE_LOOP_ANALYSIS = YES;
				CLANG_WARN_STRICT_PROTOTYPES = YES;
				CLANG_WARN_SUSPICIOUS_MOVE = YES;
				CLANG_WARN_UNGUARDED_AVAILABILITY = YES_AGGRESSIVE;
				CLANG_WARN_UNREACHABLE_CODE = YES;
				CLANG_WARN__DUPLICATE_METHOD_MATCH = YES;
				COPY_PHASE_STRIP = NO;
				DEBUG_INFORMATION_FORMAT = "dwarf-with-dsym";
				ENABLE_NS_ASSERTIONS = NO;
				ENABLE_STRICT_OBJC_MSGSEND = YES;
				GCC_C_LANGUAGE_STANDARD = gnu11;
				GCC_NO_COMMON_BLOCKS = YES;
				GCC_WARN_64_TO_32_BIT_CONVERSION = YES;
				GCC_WARN_ABOUT_RETURN_TYPE = YES_ERROR;
				GCC_WARN_UNDECLARED_SELECTOR = YES;
				GCC_WARN_UNINITIALIZED_AUTOS = YES_AGGRESSIVE;
				GCC_WARN_UNUSED_FUNCTION = YES;
				GCC_WARN_UNUSED_VARIABLE = YES;
				MTL_ENABLE_DEBUG_INFO = NO;
				MTL_FAST_MATH = YES;
				SWIFT_COMPILATION_MODE = wholemodule;
				SWIFT_OPTIMIZATION_LEVEL = "-O";
			};
			name = Release;
		};
		F6B7667B284DF33000B2AD28 /* Debug */ = {
			isa = XCBuildConfiguration;
			buildSettings = {
				ASSETCATALOG_COMPILER_APPICON_NAME = AppIcon;
				ASSETCATALOG_COMPILER_GLOBAL_ACCENT_COLOR_NAME = AccentColor;
				CODE_SIGN_STYLE = Automatic;
				CURRENT_PROJECT_VERSION = 1;
				DEVELOPMENT_TEAM = YBMA6638C2;
				ENABLE_PREVIEWS = YES;
				GENERATE_INFOPLIST_FILE = YES;
				INFOPLIST_KEY_UIApplicationSceneManifest_Generation = YES;
				INFOPLIST_KEY_UIApplicationSupportsIndirectInputEvents = YES;
				INFOPLIST_KEY_UILaunchScreen_Generation = YES;
				INFOPLIST_KEY_UISupportedInterfaceOrientations_iPad = "UIInterfaceOrientationPortrait UIInterfaceOrientationPortraitUpsideDown UIInterfaceOrientationLandscapeLeft UIInterfaceOrientationLandscapeRight";
				INFOPLIST_KEY_UISupportedInterfaceOrientations_iPhone = "UIInterfaceOrientationPortrait UIInterfaceOrientationLandscapeLeft UIInterfaceOrientationLandscapeRight";
				IPHONEOS_DEPLOYMENT_TARGET = 15.4;
				LD_RUNPATH_SEARCH_PATHS = (
					"$(inherited)",
					"@executable_path/Frameworks",
				);
				MARKETING_VERSION = 1.0;
				PRODUCT_BUNDLE_IDENTIFIER = egroup.hu.AppetizersFinal;
				PRODUCT_NAME = AppetizersFinal;
				SDKROOT = iphoneos;
				SWIFT_EMIT_LOC_STRINGS = YES;
				SWIFT_VERSION = 5.0;
				TARGETED_DEVICE_FAMILY = "1,2";
			};
			name = Debug;
		};
		F6B7667C284DF33000B2AD28 /* Release */ = {
			isa = XCBuildConfiguration;
			buildSettings = {
				ASSETCATALOG_COMPILER_APPICON_NAME = AppIcon;
				ASSETCATALOG_COMPILER_GLOBAL_ACCENT_COLOR_NAME = AccentColor;
				CODE_SIGN_STYLE = Automatic;
				CURRENT_PROJECT_VERSION = 1;
				DEVELOPMENT_TEAM = YBMA6638C2;
				ENABLE_PREVIEWS = YES;
				GENERATE_INFOPLIST_FILE = YES;
				INFOPLIST_KEY_UIApplicationSceneManifest_Generation = YES;
				INFOPLIST_KEY_UIApplicationSupportsIndirectInputEvents = YES;
				INFOPLIST_KEY_UILaunchScreen_Generation = YES;
				INFOPLIST_KEY_UISupportedInterfaceOrientations_iPad = "UIInterfaceOrientationPortrait UIInterfaceOrientationPortraitUpsideDown UIInterfaceOrientationLandscapeLeft UIInterfaceOrientationLandscapeRight";
				INFOPLIST_KEY_UISupportedInterfaceOrientations_iPhone = "UIInterfaceOrientationPortrait UIInterfaceOrientationLandscapeLeft UIInterfaceOrientationLandscapeRight";
				IPHONEOS_DEPLOYMENT_TARGET = 15.4;
				LD_RUNPATH_SEARCH_PATHS = (
					"$(inherited)",
					"@executable_path/Frameworks",
				);
				MARKETING_VERSION = 1.0;
				PRODUCT_BUNDLE_IDENTIFIER = egroup.hu.AppetizersFinal;
				PRODUCT_NAME = AppetizersFinal;
				SDKROOT = iphoneos;
				SWIFT_EMIT_LOC_STRINGS = YES;
				SWIFT_VERSION = 5.0;
				TARGETED_DEVICE_FAMILY = "1,2";
				VALIDATE_PRODUCT = YES;
			};
			name = Release;
		};
		F6B7667E284DF33000B2AD28 /* Debug */ = {
			isa = XCBuildConfiguration;
			buildSettings = {
				ASSETCATALOG_COMPILER_APPICON_NAME = AppIcon;
				ASSETCATALOG_COMPILER_GLOBAL_ACCENT_COLOR_NAME = AccentColor;
				CODE_SIGN_ENTITLEMENTS = macOS/macOS.entitlements;
				CODE_SIGN_STYLE = Automatic;
				COMBINE_HIDPI_IMAGES = YES;
				CURRENT_PROJECT_VERSION = 1;
				DEVELOPMENT_TEAM = YBMA6638C2;
				ENABLE_HARDENED_RUNTIME = YES;
				ENABLE_PREVIEWS = YES;
				GENERATE_INFOPLIST_FILE = YES;
				INFOPLIST_KEY_NSHumanReadableCopyright = "";
				LD_RUNPATH_SEARCH_PATHS = (
					"$(inherited)",
					"@executable_path/../Frameworks",
				);
				MACOSX_DEPLOYMENT_TARGET = 12.3;
				MARKETING_VERSION = 1.0;
				PRODUCT_BUNDLE_IDENTIFIER = egroup.hu.AppetizersFinal;
				PRODUCT_NAME = AppetizersFinal;
				SDKROOT = macosx;
				SWIFT_EMIT_LOC_STRINGS = YES;
				SWIFT_VERSION = 5.0;
			};
			name = Debug;
		};
		F6B7667F284DF33000B2AD28 /* Release */ = {
			isa = XCBuildConfiguration;
			buildSettings = {
				ASSETCATALOG_COMPILER_APPICON_NAME = AppIcon;
				ASSETCATALOG_COMPILER_GLOBAL_ACCENT_COLOR_NAME = AccentColor;
				CODE_SIGN_ENTITLEMENTS = macOS/macOS.entitlements;
				CODE_SIGN_STYLE = Automatic;
				COMBINE_HIDPI_IMAGES = YES;
				CURRENT_PROJECT_VERSION = 1;
				DEVELOPMENT_TEAM = YBMA6638C2;
				ENABLE_HARDENED_RUNTIME = YES;
				ENABLE_PREVIEWS = YES;
				GENERATE_INFOPLIST_FILE = YES;
				INFOPLIST_KEY_NSHumanReadableCopyright = "";
				LD_RUNPATH_SEARCH_PATHS = (
					"$(inherited)",
					"@executable_path/../Frameworks",
				);
				MACOSX_DEPLOYMENT_TARGET = 12.3;
				MARKETING_VERSION = 1.0;
				PRODUCT_BUNDLE_IDENTIFIER = egroup.hu.AppetizersFinal;
				PRODUCT_NAME = AppetizersFinal;
				SDKROOT = macosx;
				SWIFT_EMIT_LOC_STRINGS = YES;
				SWIFT_VERSION = 5.0;
			};
			name = Release;
		};
/* End XCBuildConfiguration section */

/* Begin XCConfigurationList section */
		F6B76660284DF32E00B2AD28 /* Build configuration list for PBXProject "AppetizersFinal" */ = {
			isa = XCConfigurationList;
			buildConfigurations = (
				F6B76678284DF33000B2AD28 /* Debug */,
				F6B76679284DF33000B2AD28 /* Release */,
			);
			defaultConfigurationIsVisible = 0;
			defaultConfigurationName = Release;
		};
		F6B7667A284DF33000B2AD28 /* Build configuration list for PBXNativeTarget "AppetizersFinal (iOS)" */ = {
			isa = XCConfigurationList;
			buildConfigurations = (
				F6B7667B284DF33000B2AD28 /* Debug */,
				F6B7667C284DF33000B2AD28 /* Release */,
			);
			defaultConfigurationIsVisible = 0;
			defaultConfigurationName = Release;
		};
		F6B7667D284DF33000B2AD28 /* Build configuration list for PBXNativeTarget "AppetizersFinal (macOS)" */ = {
			isa = XCConfigurationList;
			buildConfigurations = (
				F6B7667E284DF33000B2AD28 /* Debug */,
				F6B7667F284DF33000B2AD28 /* Release */,
			);
			defaultConfigurationIsVisible = 0;
			defaultConfigurationName = Release;
		};
/* End XCConfigurationList section */
	};
	rootObject = F6B7665D284DF32E00B2AD28 /* Project object */;
}
